
Microsoft Visual Studio Solution File, Format Version 12.00
# Visual Studio 15
VisualStudioVersion = 15.0.27130.2036
MinimumVisualStudioVersion = 10.0.40219.1
Project("{E24C65DC-7377-472B-9ABA-BC803B73C61A}") = "WebSiteJavaScriptGame", "WebSiteJavaScriptGame\", "{93A49FD2-61E5-41D1-AFCC-C5697382A7F6}"
	ProjectSection(WebsiteProperties) = preProject
		TargetFrameworkMoniker = ".NETFramework,Version%3Dv4.6.1"
		Debug.AspNetCompiler.VirtualPath = "/localhost_57854"
		Debug.AspNetCompiler.PhysicalPath = "WebSiteJavaScriptGame\"
		Debug.AspNetCompiler.TargetPath = "PrecompiledWeb\localhost_57854\"
		Debug.AspNetCompiler.Updateable = "true"
		Debug.AspNetCompiler.ForceOverwrite = "true"
		Debug.AspNetCompiler.FixedNames = "false"
		Debug.AspNetCompiler.Debug = "True"
		Release.AspNetCompiler.VirtualPath = "/localhost_57854"
		Release.AspNetCompiler.PhysicalPath = "WebSiteJavaScriptGame\"
		Release.AspNetCompiler.TargetPath = "PrecompiledWeb\localhost_57854\"
		Release.AspNetCompiler.Updateable = "true"
		Release.AspNetCompiler.ForceOverwrite = "true"
		Release.AspNetCompiler.FixedNames = "false"
		Release.AspNetCompiler.Debug = "False"
		VWDPort = "57854"
		SlnRelativePath = "WebSiteJavaScriptGame\"
		DefaultWebSiteLanguage = "Visual C#"
	EndProjectSection
EndProject
Global
	GlobalSection(SolutionConfigurationPlatforms) = preSolution
		Debug|Any CPU = Debug|Any CPU
	EndGlobalSection
	GlobalSection(ProjectConfigurationPlatforms) = postSolution
		{93A49FD2-61E5-41D1-AFCC-C5697382A7F6}.Debug|Any CPU.ActiveCfg = Debug|Any CPU
		{93A49FD2-61E5-41D1-AFCC-C5697382A7F6}.Debug|Any CPU.Build.0 = Debug|Any CPU
	EndGlobalSection
	GlobalSection(SolutionProperties) = preSolution
		HideSolutionNode = FALSE
	EndGlobalSection
	GlobalSection(ExtensibilityGlobals) = postSolution
		SolutionGuid = {C026B944-CF06-4353-9188-FB66E081FAB9}
	EndGlobalSection
EndGlobal
